
Microsoft Visual Studio Solution File, Format Version 12.00
# Visual Studio 15
VisualStudioVersion = 15.0.27130.2010
MinimumVisualStudioVersion = 10.0.40219.1
Project("{FAE04EC0-301F-11D3-BF4B-00C04F79EFBC}") = "APSWcfService", "APSWcfService\APSWcfService.csproj", "{912F776A-1FC0-4D42-B549-11BC347A0ED7}"
EndProject
Project("{FAE04EC0-301F-11D3-BF4B-00C04F79EFBC}") = "APSWcfServiceHandle", "ServiceHandle\APSWcfServiceHandle.csproj", "{55E5DD76-EF63-4161-BADC-5B12CA972D4C}"
	ProjectSection(ProjectDependencies) = postProject
		{912F776A-1FC0-4D42-B549-11BC347A0ED7} = {912F776A-1FC0-4D42-B549-11BC347A0ED7}
	EndProjectSection
EndProject
Project("{FAE04EC0-301F-11D3-BF4B-00C04F79EFBC}") = "CADXfSchedulingEnd", "CADXfSchedulingEnd\CADXfSchedulingEnd.csproj", "{E046FF2F-5226-449C-8456-8F402B01250C}"
	ProjectSection(ProjectDependencies) = postProject
		{912F776A-1FC0-4D42-B549-11BC347A0ED7} = {912F776A-1FC0-4D42-B549-11BC347A0ED7}
	EndProjectSection
EndProject
Project("{FAE04EC0-301F-11D3-BF4B-00C04F79EFBC}") = "CADCySchedulingEnd", "CADCySchedulingEnd\CADCySchedulingEnd.csproj", "{947E6F31-25ED-45AD-A751-C7F6D348F810}"
EndProject
Project("{FAE04EC0-301F-11D3-BF4B-00C04F79EFBC}") = "SystemMaintain", "SystemMaintain\SystemMaintain.csproj", "{06E48536-546A-4676-A766-7D2DD5D73068}"
EndProject
Project("{2150E333-8FDC-42A3-9474-1A3956D46DE8}") = "Service", "Service", "{9341A8E6-B32D-428E-9582-3FD9FA60A512}"
EndProject
Project("{2150E333-8FDC-42A3-9474-1A3956D46DE8}") = "Asprova_EXE", "Asprova_EXE", "{C9DB65ED-E422-4703-BF2E-C4D87B748568}"
EndProject
Project("{2150E333-8FDC-42A3-9474-1A3956D46DE8}") = "Plugs", "Plugs", "{8CE617E8-8907-46A7-93AE-9C35433797E1}"
EndProject
Project("{FAE04EC0-301F-11D3-BF4B-00C04F79EFBC}") = "BlankingPlugs", "BlankingPlugs\BlankingPlugs.csproj", "{60EB2DA7-5D06-41EF-9364-6C203E12D42C}"
EndProject
Project("{FAE04EC0-301F-11D3-BF4B-00C04F79EFBC}") = "DataModels", "DataModels\DataModels.csproj", "{FC11B119-2974-4750-BC01-0B56B4B630EE}"
EndProject
Project("{FAE04EC0-301F-11D3-BF4B-00C04F79EFBC}") = "ServiceHelper", "ServiceHelper\ServiceHelper.csproj", "{1CBB637C-428F-492A-940F-701EC0494DBF}"
EndProject
Project("{FAE04EC0-301F-11D3-BF4B-00C04F79EFBC}") = "CallBackPlugs", "CallBackPlugs\CallBackPlugs.csproj", "{79A07737-79F6-4FC9-BED7-792F837EF399}"
EndProject
Project("{FAE04EC0-301F-11D3-BF4B-00C04F79EFBC}") = "NewAnalysisPlugs", "NewAnalysisPlugs\NewAnalysisPlugs.csproj", "{B32B06CC-919A-4283-B0F3-624DD610E35D}"
EndProject
Project("{FAE04EC0-301F-11D3-BF4B-00C04F79EFBC}") = "CompletionPlugs", "CompletionPlugs\CompletionPlugs.csproj", "{6F42D8EA-77F7-4109-BBF7-C770802909A4}"
EndProject
Project("{FAE04EC0-301F-11D3-BF4B-00C04F79EFBC}") = "KillOrderPlugs", "KillOrderPlugs\KillOrderPlugs.csproj", "{7604A9F8-7045-4183-B32D-433191DF4073}"
EndProject
Project("{FAE04EC0-301F-11D3-BF4B-00C04F79EFBC}") = "PlanInfoPlugs", "PlanInfoPlugs\PlanInfoPlugs.csproj", "{DAECC43C-FEFB-46FF-9D28-F9E2B08DAB82}"
EndProject
Project("{FAE04EC0-301F-11D3-BF4B-00C04F79EFBC}") = "IntelligentLogHelper", "IntelligentLogHelper\IntelligentLogHelper.csproj", "{81DB3B66-AB56-4EB9-B0A6-CBE4ADA33E45}"
EndProject
Project("{FAE04EC0-301F-11D3-BF4B-00C04F79EFBC}") = "IntercoursePlugs", "IntercoursePlugs\IntercoursePlugs.csproj", "{E006FC45-4419-4C16-9E47-B0553D0FF814}"
EndProject
Global
	GlobalSection(SolutionConfigurationPlatforms) = preSolution
		Debug|Any CPU = Debug|Any CPU
		Release|Any CPU = Release|Any CPU
	EndGlobalSection
	GlobalSection(ProjectConfigurationPlatforms) = postSolution
		{912F776A-1FC0-4D42-B549-11BC347A0ED7}.Debug|Any CPU.ActiveCfg = Debug|Any CPU
		{912F776A-1FC0-4D42-B549-11BC347A0ED7}.Debug|Any CPU.Build.0 = Debug|Any CPU
		{912F776A-1FC0-4D42-B549-11BC347A0ED7}.Release|Any CPU.ActiveCfg = Release|Any CPU
		{912F776A-1FC0-4D42-B549-11BC347A0ED7}.Release|Any CPU.Build.0 = Release|Any CPU
		{55E5DD76-EF63-4161-BADC-5B12CA972D4C}.Debug|Any CPU.ActiveCfg = Debug|Any CPU
		{55E5DD76-EF63-4161-BADC-5B12CA972D4C}.Debug|Any CPU.Build.0 = Debug|Any CPU
		{55E5DD76-EF63-4161-BADC-5B12CA972D4C}.Release|Any CPU.ActiveCfg = Release|Any CPU
		{55E5DD76-EF63-4161-BADC-5B12CA972D4C}.Release|Any CPU.Build.0 = Release|Any CPU
		{E046FF2F-5226-449C-8456-8F402B01250C}.Debug|Any CPU.ActiveCfg = Debug|Any CPU
		{E046FF2F-5226-449C-8456-8F402B01250C}.Debug|Any CPU.Build.0 = Debug|Any CPU
		{E046FF2F-5226-449C-8456-8F402B01250C}.Release|Any CPU.ActiveCfg = Release|Any CPU
		{E046FF2F-5226-449C-8456-8F402B01250C}.Release|Any CPU.Build.0 = Release|Any CPU
		{947E6F31-25ED-45AD-A751-C7F6D348F810}.Debug|Any CPU.ActiveCfg = Debug|Any CPU
		{947E6F31-25ED-45AD-A751-C7F6D348F810}.Debug|Any CPU.Build.0 = Debug|Any CPU
		{947E6F31-25ED-45AD-A751-C7F6D348F810}.Release|Any CPU.ActiveCfg = Release|Any CPU
		{947E6F31-25ED-45AD-A751-C7F6D348F810}.Release|Any CPU.Build.0 = Release|Any CPU
		{06E48536-546A-4676-A766-7D2DD5D73068}.Debug|Any CPU.ActiveCfg = Debug|Any CPU
		{06E48536-546A-4676-A766-7D2DD5D73068}.Debug|Any CPU.Build.0 = Debug|Any CPU
		{06E48536-546A-4676-A766-7D2DD5D73068}.Release|Any CPU.ActiveCfg = Release|Any CPU
		{06E48536-546A-4676-A766-7D2DD5D73068}.Release|Any CPU.Build.0 = Release|Any CPU
		{60EB2DA7-5D06-41EF-9364-6C203E12D42C}.Debug|Any CPU.ActiveCfg = Debug|Any CPU
		{60EB2DA7-5D06-41EF-9364-6C203E12D42C}.Debug|Any CPU.Build.0 = Debug|Any CPU
		{60EB2DA7-5D06-41EF-9364-6C203E12D42C}.Release|Any CPU.ActiveCfg = Release|Any CPU
		{60EB2DA7-5D06-41EF-9364-6C203E12D42C}.Release|Any CPU.Build.0 = Release|Any CPU
		{FC11B119-2974-4750-BC01-0B56B4B630EE}.Debug|Any CPU.ActiveCfg = Debug|Any CPU
		{FC11B119-2974-4750-BC01-0B56B4B630EE}.Debug|Any CPU.Build.0 = Debug|Any CPU
		{FC11B119-2974-4750-BC01-0B56B4B630EE}.Release|Any CPU.ActiveCfg = Release|Any CPU
		{FC11B119-2974-4750-BC01-0B56B4B630EE}.Release|Any CPU.Build.0 = Release|Any CPU
		{1CBB637C-428F-492A-940F-701EC0494DBF}.Debug|Any CPU.ActiveCfg = Debug|Any CPU
		{1CBB637C-428F-492A-940F-701EC0494DBF}.Debug|Any CPU.Build.0 = Debug|Any CPU
		{1CBB637C-428F-492A-940F-701EC0494DBF}.Release|Any CPU.ActiveCfg = Release|Any CPU
		{1CBB637C-428F-492A-940F-701EC0494DBF}.Release|Any CPU.Build.0 = Release|Any CPU
		{79A07737-79F6-4FC9-BED7-792F837EF399}.Debug|Any CPU.ActiveCfg = Debug|Any CPU
		{79A07737-79F6-4FC9-BED7-792F837EF399}.Debug|Any CPU.Build.0 = Debug|Any CPU
		{79A07737-79F6-4FC9-BED7-792F837EF399}.Release|Any CPU.ActiveCfg = Release|Any CPU
		{79A07737-79F6-4FC9-BED7-792F837EF399}.Release|Any CPU.Build.0 = Release|Any CPU
		{B32B06CC-919A-4283-B0F3-624DD610E35D}.Debug|Any CPU.ActiveCfg = Debug|Any CPU
		{B32B06CC-919A-4283-B0F3-624DD610E35D}.Debug|Any CPU.Build.0 = Debug|Any CPU
		{B32B06CC-919A-4283-B0F3-624DD610E35D}.Release|Any CPU.ActiveCfg = Release|Any CPU
		{B32B06CC-919A-4283-B0F3-624DD610E35D}.Release|Any CPU.Build.0 = Release|Any CPU
		{6F42D8EA-77F7-4109-BBF7-C770802909A4}.Debug|Any CPU.ActiveCfg = Debug|Any CPU
		{6F42D8EA-77F7-4109-BBF7-C770802909A4}.Debug|Any CPU.Build.0 = Debug|Any CPU
		{6F42D8EA-77F7-4109-BBF7-C770802909A4}.Release|Any CPU.ActiveCfg = Release|Any CPU
		{6F42D8EA-77F7-4109-BBF7-C770802909A4}.Release|Any CPU.Build.0 = Release|Any CPU
		{7604A9F8-7045-4183-B32D-433191DF4073}.Debug|Any CPU.ActiveCfg = Debug|Any CPU
		{7604A9F8-7045-4183-B32D-433191DF4073}.Debug|Any CPU.Build.0 = Debug|Any CPU
		{7604A9F8-7045-4183-B32D-433191DF4073}.Release|Any CPU.ActiveCfg = Release|Any CPU
		{7604A9F8-7045-4183-B32D-433191DF4073}.Release|Any CPU.Build.0 = Release|Any CPU
		{DAECC43C-FEFB-46FF-9D28-F9E2B08DAB82}.Debug|Any CPU.ActiveCfg = Debug|Any CPU
		{DAECC43C-FEFB-46FF-9D28-F9E2B08DAB82}.Debug|Any CPU.Build.0 = Debug|Any CPU
		{DAECC43C-FEFB-46FF-9D28-F9E2B08DAB82}.Release|Any CPU.ActiveCfg = Release|Any CPU
		{DAECC43C-FEFB-46FF-9D28-F9E2B08DAB82}.Release|Any CPU.Build.0 = Release|Any CPU
		{81DB3B66-AB56-4EB9-B0A6-CBE4ADA33E45}.Debug|Any CPU.ActiveCfg = Debug|Any CPU
		{81DB3B66-AB56-4EB9-B0A6-CBE4ADA33E45}.Debug|Any CPU.Build.0 = Debug|Any CPU
		{81DB3B66-AB56-4EB9-B0A6-CBE4ADA33E45}.Release|Any CPU.ActiveCfg = Release|Any CPU
		{81DB3B66-AB56-4EB9-B0A6-CBE4ADA33E45}.Release|Any CPU.Build.0 = Release|Any CPU
		{E006FC45-4419-4C16-9E47-B0553D0FF814}.Debug|Any CPU.ActiveCfg = Debug|Any CPU
		{E006FC45-4419-4C16-9E47-B0553D0FF814}.Debug|Any CPU.Build.0 = Debug|Any CPU
		{E006FC45-4419-4C16-9E47-B0553D0FF814}.Release|Any CPU.ActiveCfg = Release|Any CPU
		{E006FC45-4419-4C16-9E47-B0553D0FF814}.Release|Any CPU.Build.0 = Release|Any CPU
	EndGlobalSection
	GlobalSection(SolutionProperties) = preSolution
		HideSolutionNode = FALSE
	EndGlobalSection
	GlobalSection(NestedProjects) = preSolution
		{912F776A-1FC0-4D42-B549-11BC347A0ED7} = {9341A8E6-B32D-428E-9582-3FD9FA60A512}
		{55E5DD76-EF63-4161-BADC-5B12CA972D4C} = {9341A8E6-B32D-428E-9582-3FD9FA60A512}
		{E046FF2F-5226-449C-8456-8F402B01250C} = {C9DB65ED-E422-4703-BF2E-C4D87B748568}
		{947E6F31-25ED-45AD-A751-C7F6D348F810} = {C9DB65ED-E422-4703-BF2E-C4D87B748568}
		{8CE617E8-8907-46A7-93AE-9C35433797E1} = {9341A8E6-B32D-428E-9582-3FD9FA60A512}
		{60EB2DA7-5D06-41EF-9364-6C203E12D42C} = {8CE617E8-8907-46A7-93AE-9C35433797E1}
		{FC11B119-2974-4750-BC01-0B56B4B630EE} = {8CE617E8-8907-46A7-93AE-9C35433797E1}
		{1CBB637C-428F-492A-940F-701EC0494DBF} = {8CE617E8-8907-46A7-93AE-9C35433797E1}
		{79A07737-79F6-4FC9-BED7-792F837EF399} = {8CE617E8-8907-46A7-93AE-9C35433797E1}
		{B32B06CC-919A-4283-B0F3-624DD610E35D} = {8CE617E8-8907-46A7-93AE-9C35433797E1}
		{6F42D8EA-77F7-4109-BBF7-C770802909A4} = {8CE617E8-8907-46A7-93AE-9C35433797E1}
		{7604A9F8-7045-4183-B32D-433191DF4073} = {8CE617E8-8907-46A7-93AE-9C35433797E1}
		{DAECC43C-FEFB-46FF-9D28-F9E2B08DAB82} = {8CE617E8-8907-46A7-93AE-9C35433797E1}
		{81DB3B66-AB56-4EB9-B0A6-CBE4ADA33E45} = {8CE617E8-8907-46A7-93AE-9C35433797E1}
		{E006FC45-4419-4C16-9E47-B0553D0FF814} = {8CE617E8-8907-46A7-93AE-9C35433797E1}
	EndGlobalSection
	GlobalSection(ExtensibilityGlobals) = postSolution
		SolutionGuid = {61257557-64D4-4F01-A113-48322816BCC1}
	EndGlobalSection
EndGlobal
